
Microsoft Visual Studio Solution File, Format Version 12.00
# Visual Studio Version 16
VisualStudioVersion = 25.0.1705.0
MinimumVisualStudioVersion = 10.0.40219.1
Project("{FAE04EC0-301F-11D3-BF4B-00C04F79EFBC}") = "DesignPatterns", "DesignPatterns\DesignPatterns.csproj", "{08BF5FB1-55F7-4F41-9113-8AD9F67C9C44}"
EndProject
Global
	GlobalSection(SolutionConfigurationPlatforms) = preSolution
		Debug|Any CPU = Debug|Any CPU
		Release|Any CPU = Release|Any CPU
	EndGlobalSection
	GlobalSection(ProjectConfigurationPlatforms) = postSolution
		{08BF5FB1-55F7-4F41-9113-8AD9F67C9C44}.Debug|Any CPU.ActiveCfg = Debug|Any CPU
		{08BF5FB1-55F7-4F41-9113-8AD9F67C9C44}.Debug|Any CPU.Build.0 = Debug|Any CPU
		{08BF5FB1-55F7-4F41-9113-8AD9F67C9C44}.Release|Any CPU.ActiveCfg = Release|Any CPU
		{08BF5FB1-55F7-4F41-9113-8AD9F67C9C44}.Release|Any CPU.Build.0 = Release|Any CPU
	EndGlobalSection
	GlobalSection(SolutionProperties) = preSolution
		HideSolutionNode = FALSE
	EndGlobalSection
	GlobalSection(ExtensibilityGlobals) = postSolution
		SolutionGuid = {F31D7420-FF3F-4E5F-B588-9B29284FC136}
	EndGlobalSection
EndGlobal
